// !$*UTF8*$!
{
	archiveVersion = 1;
	classes = {
	};
	objectVersion = 46;
	objects = {

/* Begin PBXBuildFile section */
		2A6DEB701DE6919A007E5041 /* LoginViewController.swift in Sources */ = {isa = PBXBuildFile; fileRef = 2A6DEB6E1DE6919A007E5041 /* LoginViewController.swift */; };
		2A6DEB711DE6919A007E5041 /* LoginViewController.xib in Resources */ = {isa = PBXBuildFile; fileRef = 2A6DEB6F1DE6919A007E5041 /* LoginViewController.xib */; };
		2A6DEB731DE691B3007E5041 /* LoginViewModel.swift in Sources */ = {isa = PBXBuildFile; fileRef = 2A6DEB721DE691B3007E5041 /* LoginViewModel.swift */; };
		2A9A36DD1DE69CCA006BDC18 /* LocalAuthentication.framework in Frameworks */ = {isa = PBXBuildFile; fileRef = 2A9A36DC1DE69CCA006BDC18 /* LocalAuthentication.framework */; };
		2A9A36E11DE69D63006BDC18 /* UIViewController+Extensions.swift in Sources */ = {isa = PBXBuildFile; fileRef = 2A9A36E01DE69D63006BDC18 /* UIViewController+Extensions.swift */; };
		B6170A5B1DE68E910091EF28 /* AppDelegate.swift in Sources */ = {isa = PBXBuildFile; fileRef = B6170A5A1DE68E910091EF28 /* AppDelegate.swift */; };
		B6170A5D1DE68E910091EF28 /* ViewController.swift in Sources */ = {isa = PBXBuildFile; fileRef = B6170A5C1DE68E910091EF28 /* ViewController.swift */; };
		B6170A601DE68E910091EF28 /* Main.storyboard in Resources */ = {isa = PBXBuildFile; fileRef = B6170A5E1DE68E910091EF28 /* Main.storyboard */; };
		B6170A621DE68E910091EF28 /* Assets.xcassets in Resources */ = {isa = PBXBuildFile; fileRef = B6170A611DE68E910091EF28 /* Assets.xcassets */; };
		B6170A651DE68E910091EF28 /* LaunchScreen.storyboard in Resources */ = {isa = PBXBuildFile; fileRef = B6170A631DE68E910091EF28 /* LaunchScreen.storyboard */; };
/* End PBXBuildFile section */

/* Begin PBXFileReference section */
		2A6DEB6E1DE6919A007E5041 /* LoginViewController.swift */ = {isa = PBXFileReference; fileEncoding = 4; lastKnownFileType = sourcecode.swift; path = LoginViewController.swift; sourceTree = "<group>"; };
		2A6DEB6F1DE6919A007E5041 /* LoginViewController.xib */ = {isa = PBXFileReference; fileEncoding = 4; lastKnownFileType = file.xib; path = LoginViewController.xib; sourceTree = "<group>"; };
		2A6DEB721DE691B3007E5041 /* LoginViewModel.swift */ = {isa = PBXFileReference; fileEncoding = 4; lastKnownFileType = sourcecode.swift; path = LoginViewModel.swift; sourceTree = "<group>"; };
		2A9A36DC1DE69CCA006BDC18 /* LocalAuthentication.framework */ = {isa = PBXFileReference; lastKnownFileType = wrapper.framework; name = LocalAuthentication.framework; path = System/Library/Frameworks/LocalAuthentication.framework; sourceTree = SDKROOT; };
		2A9A36E01DE69D63006BDC18 /* UIViewController+Extensions.swift */ = {isa = PBXFileReference; fileEncoding = 4; lastKnownFileType = sourcecode.swift; path = "UIViewController+Extensions.swift"; sourceTree = "<group>"; };
		B6170A571DE68E910091EF28 /* InnovationDayG5.app */ = {isa = PBXFileReference; explicitFileType = wrapper.application; includeInIndex = 0; path = InnovationDayG5.app; sourceTree = BUILT_PRODUCTS_DIR; };
		B6170A5A1DE68E910091EF28 /* AppDelegate.swift */ = {isa = PBXFileReference; lastKnownFileType = sourcecode.swift; path = AppDelegate.swift; sourceTree = "<group>"; };
		B6170A5C1DE68E910091EF28 /* ViewController.swift */ = {isa = PBXFileReference; lastKnownFileType = sourcecode.swift; path = ViewController.swift; sourceTree = "<group>"; };
		B6170A5F1DE68E910091EF28 /* Base */ = {isa = PBXFileReference; lastKnownFileType = file.storyboard; name = Base; path = Base.lproj/Main.storyboard; sourceTree = "<group>"; };
		B6170A611DE68E910091EF28 /* Assets.xcassets */ = {isa = PBXFileReference; lastKnownFileType = folder.assetcatalog; path = Assets.xcassets; sourceTree = "<group>"; };
		B6170A641DE68E910091EF28 /* Base */ = {isa = PBXFileReference; lastKnownFileType = file.storyboard; name = Base; path = Base.lproj/LaunchScreen.storyboard; sourceTree = "<group>"; };
		B6170A661DE68E910091EF28 /* Info.plist */ = {isa = PBXFileReference; lastKnownFileType = text.plist.xml; path = Info.plist; sourceTree = "<group>"; };
/* End PBXFileReference section */

/* Begin PBXFrameworksBuildPhase section */
		B6170A541DE68E910091EF28 /* Frameworks */ = {
			isa = PBXFrameworksBuildPhase;
			buildActionMask = 2147483647;
			files = (
				2A9A36DD1DE69CCA006BDC18 /* LocalAuthentication.framework in Frameworks */,
			);
			runOnlyForDeploymentPostprocessing = 0;
		};
/* End PBXFrameworksBuildPhase section */

/* Begin PBXGroup section */
		2A6DEB6B1DE69157007E5041 /* Interface */ = {
			isa = PBXGroup;
			children = (
				2A6DEB6C1DE6915E007E5041 /* Login */,
			);
			name = Interface;
			sourceTree = "<group>";
		};
		2A6DEB6C1DE6915E007E5041 /* Login */ = {
			isa = PBXGroup;
			children = (
				2A6DEB6E1DE6919A007E5041 /* LoginViewController.swift */,
				2A6DEB6F1DE6919A007E5041 /* LoginViewController.xib */,
				2A6DEB721DE691B3007E5041 /* LoginViewModel.swift */,
			);
			name = Login;
			sourceTree = "<group>";
		};
		2A9A36DB1DE69CCA006BDC18 /* Frameworks */ = {
			isa = PBXGroup;
			children = (
				2A9A36DC1DE69CCA006BDC18 /* LocalAuthentication.framework */,
			);
			name = Frameworks;
			sourceTree = "<group>";
		};
		2A9A36DE1DE69D4E006BDC18 /* Commons */ = {
			isa = PBXGroup;
			children = (
				2A9A36DF1DE69D53006BDC18 /* Extensions */,
			);
			name = Commons;
			sourceTree = "<group>";
		};
		2A9A36DF1DE69D53006BDC18 /* Extensions */ = {
			isa = PBXGroup;
			children = (
				2A9A36E01DE69D63006BDC18 /* UIViewController+Extensions.swift */,
			);
			name = Extensions;
			sourceTree = "<group>";
		};
		B6170A4E1DE68E910091EF28 = {
			isa = PBXGroup;
			children = (
				B6170A591DE68E910091EF28 /* InnovationDayG5 */,
				B6170A581DE68E910091EF28 /* Products */,
				2A9A36DB1DE69CCA006BDC18 /* Frameworks */,
			);
			sourceTree = "<group>";
		};
		B6170A581DE68E910091EF28 /* Products */ = {
			isa = PBXGroup;
			children = (
				B6170A571DE68E910091EF28 /* InnovationDayG5.app */,
			);
			name = Products;
			sourceTree = "<group>";
		};
		B6170A591DE68E910091EF28 /* InnovationDayG5 */ = {
			isa = PBXGroup;
			children = (
				2A9A36DE1DE69D4E006BDC18 /* Commons */,
				2A6DEB6B1DE69157007E5041 /* Interface */,
				B6170A5A1DE68E910091EF28 /* AppDelegate.swift */,
				B6170A5C1DE68E910091EF28 /* ViewController.swift */,
				B6170A5E1DE68E910091EF28 /* Main.storyboard */,
				B6170A611DE68E910091EF28 /* Assets.xcassets */,
				B6170A631DE68E910091EF28 /* LaunchScreen.storyboard */,
				B6170A661DE68E910091EF28 /* Info.plist */,
			);
			path = InnovationDayG5;
			sourceTree = "<group>";
		};
/* End PBXGroup section */

/* Begin PBXNativeTarget section */
		B6170A561DE68E910091EF28 /* InnovationDayG5 */ = {
			isa = PBXNativeTarget;
			buildConfigurationList = B6170A691DE68E910091EF28 /* Build configuration list for PBXNativeTarget "InnovationDayG5" */;
			buildPhases = (
				B6170A531DE68E910091EF28 /* Sources */,
				B6170A541DE68E910091EF28 /* Frameworks */,
				B6170A551DE68E910091EF28 /* Resources */,
			);
			buildRules = (
			);
			dependencies = (
			);
			name = InnovationDayG5;
			productName = InnovationDayG5;
			productReference = B6170A571DE68E910091EF28 /* InnovationDayG5.app */;
			productType = "com.apple.product-type.application";
		};
/* End PBXNativeTarget section */

/* Begin PBXProject section */
		B6170A4F1DE68E910091EF28 /* Project object */ = {
			isa = PBXProject;
			attributes = {
				LastSwiftUpdateCheck = 0810;
				LastUpgradeCheck = 0810;
				ORGANIZATIONNAME = CarloDonzelli;
				TargetAttributes = {
					B6170A561DE68E910091EF28 = {
						CreatedOnToolsVersion = 8.1;
						ProvisioningStyle = Automatic;
					};
				};
			};
			buildConfigurationList = B6170A521DE68E910091EF28 /* Build configuration list for PBXProject "InnovationDayG5" */;
			compatibilityVersion = "Xcode 3.2";
			developmentRegion = English;
			hasScannedForEncodings = 0;
			knownRegions = (
				en,
				Base,
			);
			mainGroup = B6170A4E1DE68E910091EF28;
			productRefGroup = B6170A581DE68E910091EF28 /* Products */;
			projectDirPath = "";
			projectRoot = "";
			targets = (
				B6170A561DE68E910091EF28 /* InnovationDayG5 */,
			);
		};
/* End PBXProject section */

/* Begin PBXResourcesBuildPhase section */
		B6170A551DE68E910091EF28 /* Resources */ = {
			isa = PBXResourcesBuildPhase;
			buildActionMask = 2147483647;
			files = (
				2A6DEB711DE6919A007E5041 /* LoginViewController.xib in Resources */,
				B6170A651DE68E910091EF28 /* LaunchScreen.storyboard in Resources */,
				B6170A621DE68E910091EF28 /* Assets.xcassets in Resources */,
				B6170A601DE68E910091EF28 /* Main.storyboard in Resources */,
			);
			runOnlyForDeploymentPostprocessing = 0;
		};
/* End PBXResourcesBuildPhase section */

/* Begin PBXSourcesBuildPhase section */
		B6170A531DE68E910091EF28 /* Sources */ = {
			isa = PBXSourcesBuildPhase;
			buildActionMask = 2147483647;
			files = (
				2A6DEB731DE691B3007E5041 /* LoginViewModel.swift in Sources */,
				2A6DEB701DE6919A007E5041 /* LoginViewController.swift in Sources */,
				B6170A5D1DE68E910091EF28 /* ViewController.swift in Sources */,
				B6170A5B1DE68E910091EF28 /* AppDelegate.swift in Sources */,
				2A9A36E11DE69D63006BDC18 /* UIViewController+Extensions.swift in Sources */,
			);
			runOnlyForDeploymentPostprocessing = 0;
		};
/* End PBXSourcesBuildPhase section */

/* Begin PBXVariantGroup section */
		B6170A5E1DE68E910091EF28 /* Main.storyboard */ = {
			isa = PBXVariantGroup;
			children = (
				B6170A5F1DE68E910091EF28 /* Base */,
			);
			name = Main.storyboard;
			sourceTree = "<group>";
		};
		B6170A631DE68E910091EF28 /* LaunchScreen.storyboard */ = {
			isa = PBXVariantGroup;
			children = (
				B6170A641DE68E910091EF28 /* Base */,
			);
			name = LaunchScreen.storyboard;
			sourceTree = "<group>";
		};
/* End PBXVariantGroup section */

/* Begin XCBuildConfiguration section */
		B6170A671DE68E910091EF28 /* Debug */ = {
			isa = XCBuildConfiguration;
			buildSettings = {
				ALWAYS_SEARCH_USER_PATHS = NO;
				CLANG_ANALYZER_NONNULL = YES;
				CLANG_CXX_LANGUAGE_STANDARD = "gnu++0x";
				CLANG_CXX_LIBRARY = "libc++";
				CLANG_ENABLE_MODULES = YES;
				CLANG_ENABLE_OBJC_ARC = YES;
				CLANG_WARN_BOOL_CONVERSION = YES;
				CLANG_WARN_CONSTANT_CONVERSION = YES;
				CLANG_WARN_DIRECT_OBJC_ISA_USAGE = YES_ERROR;
				CLANG_WARN_DOCUMENTATION_COMMENTS = YES;
				CLANG_WARN_EMPTY_BODY = YES;
				CLANG_WARN_ENUM_CONVERSION = YES;
				CLANG_WARN_INFINITE_RECURSION = YES;
				CLANG_WARN_INT_CONVERSION = YES;
				CLANG_WARN_OBJC_ROOT_CLASS = YES_ERROR;
				CLANG_WARN_SUSPICIOUS_MOVES = YES;
				CLANG_WARN_UNREACHABLE_CODE = YES;
				CLANG_WARN__DUPLICATE_METHOD_MATCH = YES;
				"CODE_SIGN_IDENTITY[sdk=iphoneos*]" = "iPhone Developer";
				COPY_PHASE_STRIP = NO;
				DEBUG_INFORMATION_FORMAT = dwarf;
				ENABLE_STRICT_OBJC_MSGSEND = YES;
				ENABLE_TESTABILITY = YES;
				GCC_C_LANGUAGE_STANDARD = gnu99;
				GCC_DYNAMIC_NO_PIC = NO;
				GCC_NO_COMMON_BLOCKS = YES;
				GCC_OPTIMIZATION_LEVEL = 0;
				GCC_PREPROCESSOR_DEFINITIONS = (
					"DEBUG=1",
					"$(inherited)",
				);
				GCC_WARN_64_TO_32_BIT_CONVERSION = YES;
				GCC_WARN_ABOUT_RETURN_TYPE = YES_ERROR;
				GCC_WARN_UNDECLARED_SELECTOR = YES;
				GCC_WARN_UNINITIALIZED_AUTOS = YES_AGGRESSIVE;
				GCC_WARN_UNUSED_FUNCTION = YES;
				GCC_WARN_UNUSED_VARIABLE = YES;
				IPHONEOS_DEPLOYMENT_TARGET = 10.1;
				MTL_ENABLE_DEBUG_INFO = YES;
				ONLY_ACTIVE_ARCH = YES;
				SDKROOT = iphoneos;
				SWIFT_ACTIVE_COMPILATION_CONDITIONS = DEBUG;
				SWIFT_OPTIMIZATION_LEVEL = "-Onone";
			};
			name = Debug;
		};
		B6170A681DE68E910091EF28 /* Release */ = {
			isa = XCBuildConfiguration;
			buildSettings = {
				ALWAYS_SEARCH_USER_PATHS = NO;
				CLANG_ANALYZER_NONNULL = YES;
				CLANG_CXX_LANGUAGE_STANDARD = "gnu++0x";
				CLANG_CXX_LIBRARY = "libc++";
				CLANG_ENABLE_MODULES = YES;
				CLANG_ENABLE_OBJC_ARC = YES;
				CLANG_WARN_BOOL_CONVERSION = YES;
				CLANG_WARN_CONSTANT_CONVERSION = YES;
				CLANG_WARN_DIRECT_OBJC_ISA_USAGE = YES_ERROR;
				CLANG_WARN_DOCUMENTATION_COMMENTS = YES;
				CLANG_WARN_EMPTY_BODY = YES;
				CLANG_WARN_ENUM_CONVERSION = YES;
				CLANG_WARN_INFINITE_RECURSION = YES;
				CLANG_WARN_INT_CONVERSION = YES;
				CLANG_WARN_OBJC_ROOT_CLASS = YES_ERROR;
				CLANG_WARN_SUSPICIOUS_MOVES = YES;
				CLANG_WARN_UNREACHABLE_CODE = YES;
				CLANG_WARN__DUPLICATE_METHOD_MATCH = YES;
				"CODE_SIGN_IDENTITY[sdk=iphoneos*]" = "iPhone Developer";
				COPY_PHASE_STRIP = NO;
				DEBUG_INFORMATION_FORMAT = "dwarf-with-dsym";
				ENABLE_NS_ASSERTIONS = NO;
				ENABLE_STRICT_OBJC_MSGSEND = YES;
				GCC_C_LANGUAGE_STANDARD = gnu99;
				GCC_NO_COMMON_BLOCKS = YES;
				GCC_WARN_64_TO_32_BIT_CONVERSION = YES;
				GCC_WARN_ABOUT_RETURN_TYPE = YES_ERROR;
				GCC_WARN_UNDECLARED_SELECTOR = YES;
				GCC_WARN_UNINITIALIZED_AUTOS = YES_AGGRESSIVE;
				GCC_WARN_UNUSED_FUNCTION = YES;
				GCC_WARN_UNUSED_VARIABLE = YES;
				IPHONEOS_DEPLOYMENT_TARGET = 10.1;
				MTL_ENABLE_DEBUG_INFO = NO;
				SDKROOT = iphoneos;
				SWIFT_OPTIMIZATION_LEVEL = "-Owholemodule";
				VALIDATE_PRODUCT = YES;
			};
			name = Release;
		};
		B6170A6A1DE68E910091EF28 /* Debug */ = {
			isa = XCBuildConfiguration;
			buildSettings = {
				ASSETCATALOG_COMPILER_APPICON_NAME = AppIcon;
				DEVELOPMENT_TEAM = "";
				INFOPLIST_FILE = InnovationDayG5/Info.plist;
				LD_RUNPATH_SEARCH_PATHS = "$(inherited) @executable_path/Frameworks";
				PRODUCT_BUNDLE_IDENTIFIER = com.tigerspike.InnovationDayG5;
				PRODUCT_NAME = "$(TARGET_NAME)";
				SWIFT_VERSION = 3.0;
			};
			name = Debug;
		};
		B6170A6B1DE68E910091EF28 /* Release */ = {
			isa = XCBuildConfiguration;
			buildSettings = {
				ASSETCATALOG_COMPILER_APPICON_NAME = AppIcon;
				DEVELOPMENT_TEAM = "";
				INFOPLIST_FILE = InnovationDayG5/Info.plist;
				LD_RUNPATH_SEARCH_PATHS = "$(inherited) @executable_path/Frameworks";
				PRODUCT_BUNDLE_IDENTIFIER = com.tigerspike.InnovationDayG5;
				PRODUCT_NAME = "$(TARGET_NAME)";
				SWIFT_VERSION = 3.0;
			};
			name = Release;
		};
/* End XCBuildConfiguration section */

/* Begin XCConfigurationList section */
		B6170A521DE68E910091EF28 /* Build configuration list for PBXProject "InnovationDayG5" */ = {
			isa = XCConfigurationList;
			buildConfigurations = (
				B6170A671DE68E910091EF28 /* Debug */,
				B6170A681DE68E910091EF28 /* Release */,
			);
			defaultConfigurationIsVisible = 0;
			defaultConfigurationName = Release;
		};
		B6170A691DE68E910091EF28 /* Build configuration list for PBXNativeTarget "InnovationDayG5" */ = {
			isa = XCConfigurationList;
			buildConfigurations = (
				B6170A6A1DE68E910091EF28 /* Debug */,
				B6170A6B1DE68E910091EF28 /* Release */,
			);
			defaultConfigurationIsVisible = 0;
			defaultConfigurationName = Release;
		};
/* End XCConfigurationList section */
	};
	rootObject = B6170A4F1DE68E910091EF28 /* Project object */;
}
